// !$*UTF8*$!
{
	archiveVersion = 1;
	classes = {
	};
	objectVersion = 50;
	objects = {

/* Begin PBXBuildFile section */
		5169AA0B239EA9FF0054D16A /* AppDelegate.swift in Sources */ = {isa = PBXBuildFile; fileRef = 5169AA0A239EA9FF0054D16A /* AppDelegate.swift */; };
		5169AA12239EAA000054D16A /* Assets.xcassets in Resources */ = {isa = PBXBuildFile; fileRef = 5169AA11239EAA000054D16A /* Assets.xcassets */; };
		5169AA15239EAA000054D16A /* LaunchScreen.storyboard in Resources */ = {isa = PBXBuildFile; fileRef = 5169AA13239EAA000054D16A /* LaunchScreen.storyboard */; };
		5169AA1D239EAC5C0054D16A /* AppAssembly.swift in Sources */ = {isa = PBXBuildFile; fileRef = 5169AA1C239EAC5C0054D16A /* AppAssembly.swift */; };
		5169AA1F239EAC930054D16A /* CoreAssembly.swift in Sources */ = {isa = PBXBuildFile; fileRef = 5169AA1E239EAC930054D16A /* CoreAssembly.swift */; };
		5169AA28239EB1BC0054D16A /* FirebaseManager.swift in Sources */ = {isa = PBXBuildFile; fileRef = 5169AA27239EB1BC0054D16A /* FirebaseManager.swift */; };
		5169AA2D239EB3F00054D16A /* GoogleService-Info.plist in Resources */ = {isa = PBXBuildFile; fileRef = 5169AA2C239EB3F00054D16A /* GoogleService-Info.plist */; };
		5169AA31239EB6A90054D16A /* LoginViewController.swift in Sources */ = {isa = PBXBuildFile; fileRef = 5169AA2F239EB6A90054D16A /* LoginViewController.swift */; };
		5169AA32239EB6A90054D16A /* LoginViewController.xib in Resources */ = {isa = PBXBuildFile; fileRef = 5169AA30239EB6A90054D16A /* LoginViewController.xib */; };
		5169AA34239EB6B30054D16A /* LoginPresenter.swift in Sources */ = {isa = PBXBuildFile; fileRef = 5169AA33239EB6B30054D16A /* LoginPresenter.swift */; };
		5169AA36239EB6BC0054D16A /* LoginRouter.swift in Sources */ = {isa = PBXBuildFile; fileRef = 5169AA35239EB6BC0054D16A /* LoginRouter.swift */; };
		5169AA38239EB6C60054D16A /* LoginInteractor.swift in Sources */ = {isa = PBXBuildFile; fileRef = 5169AA37239EB6C60054D16A /* LoginInteractor.swift */; };
		5169AA3A239EB6D10054D16A /* LoginAssembly.swift in Sources */ = {isa = PBXBuildFile; fileRef = 5169AA39239EB6D10054D16A /* LoginAssembly.swift */; };
		5169AA3C239ED1260054D16A /* LoginProvider.swift in Sources */ = {isa = PBXBuildFile; fileRef = 5169AA3B239ED1260054D16A /* LoginProvider.swift */; };
		5169AA40239EEC790054D16A /* UIViewControllers+Alerts.swift in Sources */ = {isa = PBXBuildFile; fileRef = 5169AA3F239EEC790054D16A /* UIViewControllers+Alerts.swift */; };
		51D7617923A4FD90004FDB6B /* LocationManager.swift in Sources */ = {isa = PBXBuildFile; fileRef = 51D7617823A4FD90004FDB6B /* LocationManager.swift */; };
		51FAF01923A1757F00ECB99E /* RiderAssemby.swift in Sources */ = {isa = PBXBuildFile; fileRef = 51FAF01823A1757F00ECB99E /* RiderAssemby.swift */; };
		51FAF02323A17D8D00ECB99E /* RiderPresenter.swift in Sources */ = {isa = PBXBuildFile; fileRef = 51FAF02223A17D8D00ECB99E /* RiderPresenter.swift */; };
		51FAF02523A17D9700ECB99E /* RiderRouter.swift in Sources */ = {isa = PBXBuildFile; fileRef = 51FAF02423A17D9700ECB99E /* RiderRouter.swift */; };
		51FAF02723A17DA300ECB99E /* RiderInteractor.swift in Sources */ = {isa = PBXBuildFile; fileRef = 51FAF02623A17DA300ECB99E /* RiderInteractor.swift */; };
		51FAF02923A17DAF00ECB99E /* RiderProvider.swift in Sources */ = {isa = PBXBuildFile; fileRef = 51FAF02823A17DAF00ECB99E /* RiderProvider.swift */; };
		51FAF02E23A17E6E00ECB99E /* RiderViewController.swift in Sources */ = {isa = PBXBuildFile; fileRef = 51FAF02C23A17E6E00ECB99E /* RiderViewController.swift */; };
		51FAF02F23A17E6E00ECB99E /* RiderViewController.xib in Resources */ = {isa = PBXBuildFile; fileRef = 51FAF02D23A17E6E00ECB99E /* RiderViewController.xib */; };
		586DA2A538E4B7E5A7C2578C /* Pods_UberClone.framework in Frameworks */ = {isa = PBXBuildFile; fileRef = BD9E12A95CEACCF8F65580CB /* Pods_UberClone.framework */; };
/* End PBXBuildFile section */

/* Begin PBXFileReference section */
		3C3FA0898D679D2ACBC71152 /* Pods-UberClone.release.xcconfig */ = {isa = PBXFileReference; includeInIndex = 1; lastKnownFileType = text.xcconfig; name = "Pods-UberClone.release.xcconfig"; path = "Pods/Target Support Files/Pods-UberClone/Pods-UberClone.release.xcconfig"; sourceTree = "<group>"; };
		5169AA07239EA9FF0054D16A /* UberClone.app */ = {isa = PBXFileReference; explicitFileType = wrapper.application; includeInIndex = 0; path = UberClone.app; sourceTree = BUILT_PRODUCTS_DIR; };
		5169AA0A239EA9FF0054D16A /* AppDelegate.swift */ = {isa = PBXFileReference; lastKnownFileType = sourcecode.swift; path = AppDelegate.swift; sourceTree = "<group>"; };
		5169AA11239EAA000054D16A /* Assets.xcassets */ = {isa = PBXFileReference; lastKnownFileType = folder.assetcatalog; path = Assets.xcassets; sourceTree = "<group>"; };
		5169AA14239EAA000054D16A /* Base */ = {isa = PBXFileReference; lastKnownFileType = file.storyboard; name = Base; path = Base.lproj/LaunchScreen.storyboard; sourceTree = "<group>"; };
		5169AA16239EAA000054D16A /* Info.plist */ = {isa = PBXFileReference; lastKnownFileType = text.plist.xml; path = Info.plist; sourceTree = "<group>"; };
		5169AA1C239EAC5C0054D16A /* AppAssembly.swift */ = {isa = PBXFileReference; lastKnownFileType = sourcecode.swift; path = AppAssembly.swift; sourceTree = "<group>"; };
		5169AA1E239EAC930054D16A /* CoreAssembly.swift */ = {isa = PBXFileReference; lastKnownFileType = sourcecode.swift; path = CoreAssembly.swift; sourceTree = "<group>"; };
		5169AA27239EB1BC0054D16A /* FirebaseManager.swift */ = {isa = PBXFileReference; lastKnownFileType = sourcecode.swift; path = FirebaseManager.swift; sourceTree = "<group>"; };
		5169AA2C239EB3F00054D16A /* GoogleService-Info.plist */ = {isa = PBXFileReference; fileEncoding = 4; lastKnownFileType = text.plist.xml; path = "GoogleService-Info.plist"; sourceTree = "<group>"; };
		5169AA2F239EB6A90054D16A /* LoginViewController.swift */ = {isa = PBXFileReference; lastKnownFileType = sourcecode.swift; path = LoginViewController.swift; sourceTree = "<group>"; };
		5169AA30239EB6A90054D16A /* LoginViewController.xib */ = {isa = PBXFileReference; lastKnownFileType = file.xib; path = LoginViewController.xib; sourceTree = "<group>"; };
		5169AA33239EB6B30054D16A /* LoginPresenter.swift */ = {isa = PBXFileReference; lastKnownFileType = sourcecode.swift; path = LoginPresenter.swift; sourceTree = "<group>"; };
		5169AA35239EB6BC0054D16A /* LoginRouter.swift */ = {isa = PBXFileReference; lastKnownFileType = sourcecode.swift; path = LoginRouter.swift; sourceTree = "<group>"; };
		5169AA37239EB6C60054D16A /* LoginInteractor.swift */ = {isa = PBXFileReference; lastKnownFileType = sourcecode.swift; path = LoginInteractor.swift; sourceTree = "<group>"; };
		5169AA39239EB6D10054D16A /* LoginAssembly.swift */ = {isa = PBXFileReference; lastKnownFileType = sourcecode.swift; path = LoginAssembly.swift; sourceTree = "<group>"; };
		5169AA3B239ED1260054D16A /* LoginProvider.swift */ = {isa = PBXFileReference; lastKnownFileType = sourcecode.swift; path = LoginProvider.swift; sourceTree = "<group>"; };
		5169AA3F239EEC790054D16A /* UIViewControllers+Alerts.swift */ = {isa = PBXFileReference; lastKnownFileType = sourcecode.swift; path = "UIViewControllers+Alerts.swift"; sourceTree = "<group>"; };
		51D7617823A4FD90004FDB6B /* LocationManager.swift */ = {isa = PBXFileReference; lastKnownFileType = sourcecode.swift; path = LocationManager.swift; sourceTree = "<group>"; };
		51FAF01823A1757F00ECB99E /* RiderAssemby.swift */ = {isa = PBXFileReference; lastKnownFileType = sourcecode.swift; path = RiderAssemby.swift; sourceTree = "<group>"; };
		51FAF02223A17D8D00ECB99E /* RiderPresenter.swift */ = {isa = PBXFileReference; lastKnownFileType = sourcecode.swift; path = RiderPresenter.swift; sourceTree = "<group>"; };
		51FAF02423A17D9700ECB99E /* RiderRouter.swift */ = {isa = PBXFileReference; lastKnownFileType = sourcecode.swift; path = RiderRouter.swift; sourceTree = "<group>"; };
		51FAF02623A17DA300ECB99E /* RiderInteractor.swift */ = {isa = PBXFileReference; lastKnownFileType = sourcecode.swift; path = RiderInteractor.swift; sourceTree = "<group>"; };
		51FAF02823A17DAF00ECB99E /* RiderProvider.swift */ = {isa = PBXFileReference; lastKnownFileType = sourcecode.swift; path = RiderProvider.swift; sourceTree = "<group>"; };
		51FAF02C23A17E6E00ECB99E /* RiderViewController.swift */ = {isa = PBXFileReference; lastKnownFileType = sourcecode.swift; path = RiderViewController.swift; sourceTree = "<group>"; };
		51FAF02D23A17E6E00ECB99E /* RiderViewController.xib */ = {isa = PBXFileReference; lastKnownFileType = file.xib; path = RiderViewController.xib; sourceTree = "<group>"; };
		AECA7F7E111AF5C613D3E40C /* Pods-UberClone.debug.xcconfig */ = {isa = PBXFileReference; includeInIndex = 1; lastKnownFileType = text.xcconfig; name = "Pods-UberClone.debug.xcconfig"; path = "Pods/Target Support Files/Pods-UberClone/Pods-UberClone.debug.xcconfig"; sourceTree = "<group>"; };
		BD9E12A95CEACCF8F65580CB /* Pods_UberClone.framework */ = {isa = PBXFileReference; explicitFileType = wrapper.framework; includeInIndex = 0; path = Pods_UberClone.framework; sourceTree = BUILT_PRODUCTS_DIR; };
/* End PBXFileReference section */

/* Begin PBXFrameworksBuildPhase section */
		5169AA04239EA9FF0054D16A /* Frameworks */ = {
			isa = PBXFrameworksBuildPhase;
			buildActionMask = 2147483647;
			files = (
				586DA2A538E4B7E5A7C2578C /* Pods_UberClone.framework in Frameworks */,
			);
			runOnlyForDeploymentPostprocessing = 0;
		};
/* End PBXFrameworksBuildPhase section */

/* Begin PBXGroup section */
		5169A9FE239EA9FF0054D16A = {
			isa = PBXGroup;
			children = (
				5169AA09239EA9FF0054D16A /* UberClone */,
				5169AA08239EA9FF0054D16A /* Products */,
				5A309761D914DD247913DA00 /* Pods */,
				9A1C8787E857759B63FF6200 /* Frameworks */,
			);
			sourceTree = "<group>";
		};
		5169AA08239EA9FF0054D16A /* Products */ = {
			isa = PBXGroup;
			children = (
				5169AA07239EA9FF0054D16A /* UberClone.app */,
			);
			name = Products;
			sourceTree = "<group>";
		};
		5169AA09239EA9FF0054D16A /* UberClone */ = {
			isa = PBXGroup;
			children = (
				5169AA3D239EEC570054D16A /* Commons */,
				5169AA2C239EB3F00054D16A /* GoogleService-Info.plist */,
				5169AA0A239EA9FF0054D16A /* AppDelegate.swift */,
				5169AA1C239EAC5C0054D16A /* AppAssembly.swift */,
				5169AA1E239EAC930054D16A /* CoreAssembly.swift */,
				51FAF01723A1755E00ECB99E /* Presentation */,
				51FAF01523A1751300ECB99E /* Managers */,
				5169AA11239EAA000054D16A /* Assets.xcassets */,
				5169AA13239EAA000054D16A /* LaunchScreen.storyboard */,
				5169AA16239EAA000054D16A /* Info.plist */,
			);
			path = UberClone;
			sourceTree = "<group>";
		};
		5169AA2E239EB6800054D16A /* Login */ = {
			isa = PBXGroup;
			children = (
				51FAF01E23A1789400ECB99E /* Presentation */,
				5169AA35239EB6BC0054D16A /* LoginRouter.swift */,
				51FAF02A23A17DCD00ECB99E /* Repository */,
				51FAF01B23A1786400ECB99E /* DI */,
			);
			path = Login;
			sourceTree = "<group>";
		};
		5169AA3D239EEC570054D16A /* Commons */ = {
			isa = PBXGroup;
			children = (
				5169AA3E239EEC610054D16A /* Extensions */,
			);
			path = Commons;
			sourceTree = "<group>";
		};
		5169AA3E239EEC610054D16A /* Extensions */ = {
			isa = PBXGroup;
			children = (
				5169AA3F239EEC790054D16A /* UIViewControllers+Alerts.swift */,
			);
			path = Extensions;
			sourceTree = "<group>";
		};
		51FAF01523A1751300ECB99E /* Managers */ = {
			isa = PBXGroup;
			children = (
				5169AA27239EB1BC0054D16A /* FirebaseManager.swift */,
				51D7617823A4FD90004FDB6B /* LocationManager.swift */,
			);
			path = Managers;
			sourceTree = "<group>";
		};
		51FAF01623A1753000ECB99E /* Rider */ = {
			isa = PBXGroup;
			children = (
				51FAF01F23A178A100ECB99E /* Presentation */,
				51FAF01A23A1785900ECB99E /* DI */,
			);
			path = Rider;
			sourceTree = "<group>";
		};
		51FAF01723A1755E00ECB99E /* Presentation */ = {
			isa = PBXGroup;
			children = (
				51FAF01623A1753000ECB99E /* Rider */,
				5169AA2E239EB6800054D16A /* Login */,
			);
			path = Presentation;
			sourceTree = "<group>";
		};
		51FAF01A23A1785900ECB99E /* DI */ = {
			isa = PBXGroup;
			children = (
				51FAF01823A1757F00ECB99E /* RiderAssemby.swift */,
			);
			path = DI;
			sourceTree = "<group>";
		};
		51FAF01B23A1786400ECB99E /* DI */ = {
			isa = PBXGroup;
			children = (
				5169AA39239EB6D10054D16A /* LoginAssembly.swift */,
			);
			path = DI;
			sourceTree = "<group>";
		};
		51FAF01C23A1786F00ECB99E /* View */ = {
			isa = PBXGroup;
			children = (
				5169AA2F239EB6A90054D16A /* LoginViewController.swift */,
				5169AA30239EB6A90054D16A /* LoginViewController.xib */,
			);
			path = View;
			sourceTree = "<group>";
		};
		51FAF01D23A1788600ECB99E /* Presenter */ = {
			isa = PBXGroup;
			children = (
				5169AA33239EB6B30054D16A /* LoginPresenter.swift */,
			);
			path = Presenter;
			sourceTree = "<group>";
		};
		51FAF01E23A1789400ECB99E /* Presentation */ = {
			isa = PBXGroup;
			children = (
				51FAF01C23A1786F00ECB99E /* View */,
				51FAF01D23A1788600ECB99E /* Presenter */,
			);
			path = Presentation;
			sourceTree = "<group>";
		};
		51FAF01F23A178A100ECB99E /* Presentation */ = {
			isa = PBXGroup;
			children = (
				51FAF02123A178B200ECB99E /* View */,
				51FAF02023A178AB00ECB99E /* Presenter */,
				51FAF02423A17D9700ECB99E /* RiderRouter.swift */,
				51FAF02B23A17DD800ECB99E /* Repository */,
			);
			path = Presentation;
			sourceTree = "<group>";
		};
		51FAF02023A178AB00ECB99E /* Presenter */ = {
			isa = PBXGroup;
			children = (
				51FAF02223A17D8D00ECB99E /* RiderPresenter.swift */,
			);
			path = Presenter;
			sourceTree = "<group>";
		};
		51FAF02123A178B200ECB99E /* View */ = {
			isa = PBXGroup;
			children = (
				51FAF02C23A17E6E00ECB99E /* RiderViewController.swift */,
				51FAF02D23A17E6E00ECB99E /* RiderViewController.xib */,
			);
			path = View;
			sourceTree = "<group>";
		};
		51FAF02A23A17DCD00ECB99E /* Repository */ = {
			isa = PBXGroup;
			children = (
				5169AA37239EB6C60054D16A /* LoginInteractor.swift */,
				5169AA3B239ED1260054D16A /* LoginProvider.swift */,
			);
			path = Repository;
			sourceTree = "<group>";
		};
		51FAF02B23A17DD800ECB99E /* Repository */ = {
			isa = PBXGroup;
			children = (
				51FAF02623A17DA300ECB99E /* RiderInteractor.swift */,
				51FAF02823A17DAF00ECB99E /* RiderProvider.swift */,
			);
			path = Repository;
			sourceTree = "<group>";
		};
		5A309761D914DD247913DA00 /* Pods */ = {
			isa = PBXGroup;
			children = (
				AECA7F7E111AF5C613D3E40C /* Pods-UberClone.debug.xcconfig */,
				3C3FA0898D679D2ACBC71152 /* Pods-UberClone.release.xcconfig */,
			);
			name = Pods;
			sourceTree = "<group>";
		};
		9A1C8787E857759B63FF6200 /* Frameworks */ = {
			isa = PBXGroup;
			children = (
				BD9E12A95CEACCF8F65580CB /* Pods_UberClone.framework */,
			);
			name = Frameworks;
			sourceTree = "<group>";
		};
/* End PBXGroup section */

/* Begin PBXNativeTarget section */
		5169AA06239EA9FF0054D16A /* UberClone */ = {
			isa = PBXNativeTarget;
			buildConfigurationList = 5169AA19239EAA000054D16A /* Build configuration list for PBXNativeTarget "UberClone" */;
			buildPhases = (
				130795846CC6A583EE20B7EF /* [CP] Check Pods Manifest.lock */,
				5169AA03239EA9FF0054D16A /* Sources */,
				5169AA04239EA9FF0054D16A /* Frameworks */,
				5169AA05239EA9FF0054D16A /* Resources */,
				E44276058B9C37C1F2A5D886 /* [CP] Embed Pods Frameworks */,
			);
			buildRules = (
			);
			dependencies = (
			);
			name = UberClone;
			productName = UberClone;
			productReference = 5169AA07239EA9FF0054D16A /* UberClone.app */;
			productType = "com.apple.product-type.application";
		};
/* End PBXNativeTarget section */

/* Begin PBXProject section */
		5169A9FF239EA9FF0054D16A /* Project object */ = {
			isa = PBXProject;
			attributes = {
				LastSwiftUpdateCheck = 1020;
				LastUpgradeCheck = 1020;
				ORGANIZATIONNAME = "Alan Casas";
				TargetAttributes = {
					5169AA06239EA9FF0054D16A = {
						CreatedOnToolsVersion = 10.2.1;
					};
				};
			};
			buildConfigurationList = 5169AA02239EA9FF0054D16A /* Build configuration list for PBXProject "UberClone" */;
			compatibilityVersion = "Xcode 9.3";
			developmentRegion = en;
			hasScannedForEncodings = 0;
			knownRegions = (
				en,
				Base,
			);
			mainGroup = 5169A9FE239EA9FF0054D16A;
			productRefGroup = 5169AA08239EA9FF0054D16A /* Products */;
			projectDirPath = "";
			projectRoot = "";
			targets = (
				5169AA06239EA9FF0054D16A /* UberClone */,
			);
		};
/* End PBXProject section */

/* Begin PBXResourcesBuildPhase section */
		5169AA05239EA9FF0054D16A /* Resources */ = {
			isa = PBXResourcesBuildPhase;
			buildActionMask = 2147483647;
			files = (
				5169AA32239EB6A90054D16A /* LoginViewController.xib in Resources */,
				5169AA15239EAA000054D16A /* LaunchScreen.storyboard in Resources */,
				5169AA12239EAA000054D16A /* Assets.xcassets in Resources */,
				5169AA2D239EB3F00054D16A /* GoogleService-Info.plist in Resources */,
				51FAF02F23A17E6E00ECB99E /* RiderViewController.xib in Resources */,
			);
			runOnlyForDeploymentPostprocessing = 0;
		};
/* End PBXResourcesBuildPhase section */

/* Begin PBXShellScriptBuildPhase section */
		130795846CC6A583EE20B7EF /* [CP] Check Pods Manifest.lock */ = {
			isa = PBXShellScriptBuildPhase;
			buildActionMask = 2147483647;
			files = (
			);
			inputPaths = (
				"${PODS_PODFILE_DIR_PATH}/Podfile.lock",
				"${PODS_ROOT}/Manifest.lock",
			);
			name = "[CP] Check Pods Manifest.lock";
			outputPaths = (
				"$(DERIVED_FILE_DIR)/Pods-UberClone-checkManifestLockResult.txt",
			);
			runOnlyForDeploymentPostprocessing = 0;
			shellPath = /bin/sh;
			shellScript = "diff \"${PODS_PODFILE_DIR_PATH}/Podfile.lock\" \"${PODS_ROOT}/Manifest.lock\" > /dev/null\nif [ $? != 0 ] ; then\n    # print error to STDERR\n    echo \"error: The sandbox is not in sync with the Podfile.lock. Run 'pod install' or update your CocoaPods installation.\" >&2\n    exit 1\nfi\n# This output is used by Xcode 'outputs' to avoid re-running this script phase.\necho \"SUCCESS\" > \"${SCRIPT_OUTPUT_FILE_0}\"\n";
			showEnvVarsInLog = 0;
		};
		E44276058B9C37C1F2A5D886 /* [CP] Embed Pods Frameworks */ = {
			isa = PBXShellScriptBuildPhase;
			buildActionMask = 2147483647;
			files = (
			);
			inputPaths = (
				"${SRCROOT}/Pods/Target Support Files/Pods-UberClone/Pods-UberClone-frameworks.sh",
				"${BUILT_PRODUCTS_DIR}/GTMSessionFetcher/GTMSessionFetcher.framework",
				"${BUILT_PRODUCTS_DIR}/GoogleUtilities/GoogleUtilities.framework",
				"${BUILT_PRODUCTS_DIR}/nanopb/nanopb.framework",
			);
			name = "[CP] Embed Pods Frameworks";
			outputPaths = (
				"${TARGET_BUILD_DIR}/${FRAMEWORKS_FOLDER_PATH}/GTMSessionFetcher.framework",
				"${TARGET_BUILD_DIR}/${FRAMEWORKS_FOLDER_PATH}/GoogleUtilities.framework",
				"${TARGET_BUILD_DIR}/${FRAMEWORKS_FOLDER_PATH}/nanopb.framework",
			);
			runOnlyForDeploymentPostprocessing = 0;
			shellPath = /bin/sh;
			shellScript = "\"${SRCROOT}/Pods/Target Support Files/Pods-UberClone/Pods-UberClone-frameworks.sh\"\n";
			showEnvVarsInLog = 0;
		};
/* End PBXShellScriptBuildPhase section */

/* Begin PBXSourcesBuildPhase section */
		5169AA03239EA9FF0054D16A /* Sources */ = {
			isa = PBXSourcesBuildPhase;
			buildActionMask = 2147483647;
			files = (
				5169AA34239EB6B30054D16A /* LoginPresenter.swift in Sources */,
				5169AA28239EB1BC0054D16A /* FirebaseManager.swift in Sources */,
				5169AA1F239EAC930054D16A /* CoreAssembly.swift in Sources */,
				5169AA40239EEC790054D16A /* UIViewControllers+Alerts.swift in Sources */,
				51FAF02723A17DA300ECB99E /* RiderInteractor.swift in Sources */,
				5169AA0B239EA9FF0054D16A /* AppDelegate.swift in Sources */,
				5169AA38239EB6C60054D16A /* LoginInteractor.swift in Sources */,
				5169AA31239EB6A90054D16A /* LoginViewController.swift in Sources */,
				51D7617923A4FD90004FDB6B /* LocationManager.swift in Sources */,
				51FAF02523A17D9700ECB99E /* RiderRouter.swift in Sources */,
				51FAF01923A1757F00ECB99E /* RiderAssemby.swift in Sources */,
				51FAF02E23A17E6E00ECB99E /* RiderViewController.swift in Sources */,
				5169AA3C239ED1260054D16A /* LoginProvider.swift in Sources */,
				5169AA36239EB6BC0054D16A /* LoginRouter.swift in Sources */,
				5169AA3A239EB6D10054D16A /* LoginAssembly.swift in Sources */,
				5169AA1D239EAC5C0054D16A /* AppAssembly.swift in Sources */,
				51FAF02323A17D8D00ECB99E /* RiderPresenter.swift in Sources */,
				51FAF02923A17DAF00ECB99E /* RiderProvider.swift in Sources */,
			);
			runOnlyForDeploymentPostprocessing = 0;
		};
/* End PBXSourcesBuildPhase section */

/* Begin PBXVariantGroup section */
		5169AA13239EAA000054D16A /* LaunchScreen.storyboard */ = {
			isa = PBXVariantGroup;
			children = (
				5169AA14239EAA000054D16A /* Base */,
			);
			name = LaunchScreen.storyboard;
			sourceTree = "<group>";
		};
/* End PBXVariantGroup section */

/* Begin XCBuildConfiguration section */
		5169AA17239EAA000054D16A /* Debug */ = {
			isa = XCBuildConfiguration;
			buildSettings = {
				ALWAYS_SEARCH_USER_PATHS = NO;
				CLANG_ANALYZER_NONNULL = YES;
				CLANG_ANALYZER_NUMBER_OBJECT_CONVERSION = YES_AGGRESSIVE;
				CLANG_CXX_LANGUAGE_STANDARD = "gnu++14";
				CLANG_CXX_LIBRARY = "libc++";
				CLANG_ENABLE_MODULES = YES;
				CLANG_ENABLE_OBJC_ARC = YES;
				CLANG_ENABLE_OBJC_WEAK = YES;
				CLANG_WARN_BLOCK_CAPTURE_AUTORELEASING = YES;
				CLANG_WARN_BOOL_CONVERSION = YES;
				CLANG_WARN_COMMA = YES;
				CLANG_WARN_CONSTANT_CONVERSION = YES;
				CLANG_WARN_DEPRECATED_OBJC_IMPLEMENTATIONS = YES;
				CLANG_WARN_DIRECT_OBJC_ISA_USAGE = YES_ERROR;
				CLANG_WARN_DOCUMENTATION_COMMENTS = YES;
				CLANG_WARN_EMPTY_BODY = YES;
				CLANG_WARN_ENUM_CONVERSION = YES;
				CLANG_WARN_INFINITE_RECURSION = YES;
				CLANG_WARN_INT_CONVERSION = YES;
				CLANG_WARN_NON_LITERAL_NULL_CONVERSION = YES;
				CLANG_WARN_OBJC_IMPLICIT_RETAIN_SELF = YES;
				CLANG_WARN_OBJC_LITERAL_CONVERSION = YES;
				CLANG_WARN_OBJC_ROOT_CLASS = YES_ERROR;
				CLANG_WARN_RANGE_LOOP_ANALYSIS = YES;
				CLANG_WARN_STRICT_PROTOTYPES = YES;
				CLANG_WARN_SUSPICIOUS_MOVE = YES;
				CLANG_WARN_UNGUARDED_AVAILABILITY = YES_AGGRESSIVE;
				CLANG_WARN_UNREACHABLE_CODE = YES;
				CLANG_WARN__DUPLICATE_METHOD_MATCH = YES;
				CODE_SIGN_IDENTITY = "iPhone Developer";
				COPY_PHASE_STRIP = NO;
				DEBUG_INFORMATION_FORMAT = dwarf;
				ENABLE_STRICT_OBJC_MSGSEND = YES;
				ENABLE_TESTABILITY = YES;
				GCC_C_LANGUAGE_STANDARD = gnu11;
				GCC_DYNAMIC_NO_PIC = NO;
				GCC_NO_COMMON_BLOCKS = YES;
				GCC_OPTIMIZATION_LEVEL = 0;
				GCC_PREPROCESSOR_DEFINITIONS = (
					"DEBUG=1",
					"$(inherited)",
				);
				GCC_WARN_64_TO_32_BIT_CONVERSION = YES;
				GCC_WARN_ABOUT_RETURN_TYPE = YES_ERROR;
				GCC_WARN_UNDECLARED_SELECTOR = YES;
				GCC_WARN_UNINITIALIZED_AUTOS = YES_AGGRESSIVE;
				GCC_WARN_UNUSED_FUNCTION = YES;
				GCC_WARN_UNUSED_VARIABLE = YES;
				IPHONEOS_DEPLOYMENT_TARGET = 12.2;
				MTL_ENABLE_DEBUG_INFO = INCLUDE_SOURCE;
				MTL_FAST_MATH = YES;
				ONLY_ACTIVE_ARCH = YES;
				SDKROOT = iphoneos;
				SWIFT_ACTIVE_COMPILATION_CONDITIONS = DEBUG;
				SWIFT_OPTIMIZATION_LEVEL = "-Onone";
			};
			name = Debug;
		};
		5169AA18239EAA000054D16A /* Release */ = {
			isa = XCBuildConfiguration;
			buildSettings = {
				ALWAYS_SEARCH_USER_PATHS = NO;
				CLANG_ANALYZER_NONNULL = YES;
				CLANG_ANALYZER_NUMBER_OBJECT_CONVERSION = YES_AGGRESSIVE;
				CLANG_CXX_LANGUAGE_STANDARD = "gnu++14";
				CLANG_CXX_LIBRARY = "libc++";
				CLANG_ENABLE_MODULES = YES;
				CLANG_ENABLE_OBJC_ARC = YES;
				CLANG_ENABLE_OBJC_WEAK = YES;
				CLANG_WARN_BLOCK_CAPTURE_AUTORELEASING = YES;
				CLANG_WARN_BOOL_CONVERSION = YES;
				CLANG_WARN_COMMA = YES;
				CLANG_WARN_CONSTANT_CONVERSION = YES;
				CLANG_WARN_DEPRECATED_OBJC_IMPLEMENTATIONS = YES;
				CLANG_WARN_DIRECT_OBJC_ISA_USAGE = YES_ERROR;
				CLANG_WARN_DOCUMENTATION_COMMENTS = YES;
				CLANG_WARN_EMPTY_BODY = YES;
				CLANG_WARN_ENUM_CONVERSION = YES;
				CLANG_WARN_INFINITE_RECURSION = YES;
				CLANG_WARN_INT_CONVERSION = YES;
				CLANG_WARN_NON_LITERAL_NULL_CONVERSION = YES;
				CLANG_WARN_OBJC_IMPLICIT_RETAIN_SELF = YES;
				CLANG_WARN_OBJC_LITERAL_CONVERSION = YES;
				CLANG_WARN_OBJC_ROOT_CLASS = YES_ERROR;
				CLANG_WARN_RANGE_LOOP_ANALYSIS = YES;
				CLANG_WARN_STRICT_PROTOTYPES = YES;
				CLANG_WARN_SUSPICIOUS_MOVE = YES;
				CLANG_WARN_UNGUARDED_AVAILABILITY = YES_AGGRESSIVE;
				CLANG_WARN_UNREACHABLE_CODE = YES;
				CLANG_WARN__DUPLICATE_METHOD_MATCH = YES;
				CODE_SIGN_IDENTITY = "iPhone Developer";
				COPY_PHASE_STRIP = NO;
				DEBUG_INFORMATION_FORMAT = "dwarf-with-dsym";
				ENABLE_NS_ASSERTIONS = NO;
				ENABLE_STRICT_OBJC_MSGSEND = YES;
				GCC_C_LANGUAGE_STANDARD = gnu11;
				GCC_NO_COMMON_BLOCKS = YES;
				GCC_WARN_64_TO_32_BIT_CONVERSION = YES;
				GCC_WARN_ABOUT_RETURN_TYPE = YES_ERROR;
				GCC_WARN_UNDECLARED_SELECTOR = YES;
				GCC_WARN_UNINITIALIZED_AUTOS = YES_AGGRESSIVE;
				GCC_WARN_UNUSED_FUNCTION = YES;
				GCC_WARN_UNUSED_VARIABLE = YES;
				IPHONEOS_DEPLOYMENT_TARGET = 12.2;
				MTL_ENABLE_DEBUG_INFO = NO;
				MTL_FAST_MATH = YES;
				SDKROOT = iphoneos;
				SWIFT_COMPILATION_MODE = wholemodule;
				SWIFT_OPTIMIZATION_LEVEL = "-O";
				VALIDATE_PRODUCT = YES;
			};
			name = Release;
		};
		5169AA1A239EAA000054D16A /* Debug */ = {
			isa = XCBuildConfiguration;
			baseConfigurationReference = AECA7F7E111AF5C613D3E40C /* Pods-UberClone.debug.xcconfig */;
			buildSettings = {
				ASSETCATALOG_COMPILER_APPICON_NAME = AppIcon;
				CODE_SIGN_STYLE = Automatic;
				DEVELOPMENT_TEAM = SW2XN6A7CB;
				INFOPLIST_FILE = UberClone/Info.plist;
				LD_RUNPATH_SEARCH_PATHS = (
					"$(inherited)",
					"@executable_path/Frameworks",
				);
				PRODUCT_BUNDLE_IDENTIFIER = "com.alancasasarevalo-gmail.UberClone";
				PRODUCT_NAME = "$(TARGET_NAME)";
				SWIFT_VERSION = 5.0;
				TARGETED_DEVICE_FAMILY = "1,2";
			};
			name = Debug;
		};
		5169AA1B239EAA000054D16A /* Release */ = {
			isa = XCBuildConfiguration;
			baseConfigurationReference = 3C3FA0898D679D2ACBC71152 /* Pods-UberClone.release.xcconfig */;
			buildSettings = {
				ASSETCATALOG_COMPILER_APPICON_NAME = AppIcon;
				CODE_SIGN_STYLE = Automatic;
				DEVELOPMENT_TEAM = SW2XN6A7CB;
				INFOPLIST_FILE = UberClone/Info.plist;
				LD_RUNPATH_SEARCH_PATHS = (
					"$(inherited)",
					"@executable_path/Frameworks",
				);
				PRODUCT_BUNDLE_IDENTIFIER = "com.alancasasarevalo-gmail.UberClone";
				PRODUCT_NAME = "$(TARGET_NAME)";
				SWIFT_VERSION = 5.0;
				TARGETED_DEVICE_FAMILY = "1,2";
			};
			name = Release;
		};
/* End XCBuildConfiguration section */

/* Begin XCConfigurationList section */
		5169AA02239EA9FF0054D16A /* Build configuration list for PBXProject "UberClone" */ = {
			isa = XCConfigurationList;
			buildConfigurations = (
				5169AA17239EAA000054D16A /* Debug */,
				5169AA18239EAA000054D16A /* Release */,
			);
			defaultConfigurationIsVisible = 0;
			defaultConfigurationName = Release;
		};
		5169AA19239EAA000054D16A /* Build configuration list for PBXNativeTarget "UberClone" */ = {
			isa = XCConfigurationList;
			buildConfigurations = (
				5169AA1A239EAA000054D16A /* Debug */,
				5169AA1B239EAA000054D16A /* Release */,
			);
			defaultConfigurationIsVisible = 0;
			defaultConfigurationName = Release;
		};
/* End XCConfigurationList section */
	};
	rootObject = 5169A9FF239EA9FF0054D16A /* Project object */;
}
